%{
  "epmd_up": {:hex, :epmd_up, "1.0.0", "7f186b5e1b5d9473a2c928412104edf469d8b270bdb5242025a2e7056a9a3780", [:mix], [], "hexpm", "afc181447799b527afeef88be3d76d4097b8957e1a5bf5713c950ec400437f21"},
  "get_host": {:hex, :get_host, "1.0.0", "1cd1e216cc024e88fcab599394d88346fcfc60b241c567524662ea9c18059264", [:mix], [], "hexpm", "0a6c515c3acaff38fbbe4b9a59d513a7d084efe4ffca19c2ad3eb767cc482e67"},
  "node_activator": {:hex, :node_activator, "1.1.0", "e1391e96a37c7946e8287ae27d0d42919a6fff9e371d1ffdfc21fad83b978a76", [:mix], [{:epmd_up, "~> 1.0", [hex: :epmd_up, repo: "hexpm", optional: false]}, {:get_host, "~> 1.0", [hex: :get_host, repo: "hexpm", optional: false]}], "hexpm", "80270bb7d9236e5c941b0c32ffb742fd35a545d02c4a14e798dcfe0dfb5a6200"},
}
